// !$*UTF8*$!
{
	archiveVersion = 1;
	classes = {
	};
	objectVersion = 77;
	objects = {

/* Begin PBXBuildFile section */
		3376F41A2CC3F2BA00B8EEC3 /* FirebaseAuth in Frameworks */ = {isa = PBXBuildFile; productRef = 3376F4192CC3F2BA00B8EEC3 /* FirebaseAuth */; };
		3376F41C2CC3F2BA00B8EEC3 /* FirebaseCore in Frameworks */ = {isa = PBXBuildFile; productRef = 3376F41B2CC3F2BA00B8EEC3 /* FirebaseCore */; };
		3376F41E2CC3F2BA00B8EEC3 /* FirebaseFirestore in Frameworks */ = {isa = PBXBuildFile; productRef = 3376F41D2CC3F2BA00B8EEC3 /* FirebaseFirestore */; };
/* End PBXBuildFile section */

/* Begin PBXContainerItemProxy section */
		3376F3FC2CC3F13B00B8EEC3 /* PBXContainerItemProxy */ = {
			isa = PBXContainerItemProxy;
			containerPortal = 3376F3E32CC3F13900B8EEC3 /* Project object */;
			proxyType = 1;
			remoteGlobalIDString = 3376F3EA2CC3F13900B8EEC3;
			remoteInfo = "Todo app";
		};
		3376F4062CC3F13B00B8EEC3 /* PBXContainerItemProxy */ = {
			isa = PBXContainerItemProxy;
			containerPortal = 3376F3E32CC3F13900B8EEC3 /* Project object */;
			proxyType = 1;
			remoteGlobalIDString = 3376F3EA2CC3F13900B8EEC3;
			remoteInfo = "Todo app";
		};
/* End PBXContainerItemProxy section */

/* Begin PBXFileReference section */
		3376F3EB2CC3F13900B8EEC3 /* Todo app.app */ = {isa = PBXFileReference; explicitFileType = wrapper.application; includeInIndex = 0; path = "Todo app.app"; sourceTree = BUILT_PRODUCTS_DIR; };
		3376F3FB2CC3F13B00B8EEC3 /* Todo appTests.xctest */ = {isa = PBXFileReference; explicitFileType = wrapper.cfbundle; includeInIndex = 0; path = "Todo appTests.xctest"; sourceTree = BUILT_PRODUCTS_DIR; };
		3376F4052CC3F13B00B8EEC3 /* Todo appUITests.xctest */ = {isa = PBXFileReference; explicitFileType = wrapper.cfbundle; includeInIndex = 0; path = "Todo appUITests.xctest"; sourceTree = BUILT_PRODUCTS_DIR; };
/* End PBXFileReference section */

/* Begin PBXFileSystemSynchronizedRootGroup section */
		3376F3ED2CC3F13900B8EEC3 /* Todo app */ = {
			isa = PBXFileSystemSynchronizedRootGroup;
			path = "Todo app";
			sourceTree = "<group>";
		};
		3376F3FE2CC3F13B00B8EEC3 /* Todo appTests */ = {
			isa = PBXFileSystemSynchronizedRootGroup;
			path = "Todo appTests";
			sourceTree = "<group>";
		};
		3376F4082CC3F13B00B8EEC3 /* Todo appUITests */ = {
			isa = PBXFileSystemSynchronizedRootGroup;
			path = "Todo appUITests";
			sourceTree = "<group>";
		};
/* End PBXFileSystemSynchronizedRootGroup section */

/* Begin PBXFrameworksBuildPhase section */
		3376F3E82CC3F13900B8EEC3 /* Frameworks */ = {
			isa = PBXFrameworksBuildPhase;
			buildActionMask = 2147483647;
			files = (
				3376F41C2CC3F2BA00B8EEC3 /* FirebaseCore in Frameworks */,
				3376F41A2CC3F2BA00B8EEC3 /* FirebaseAuth in Frameworks */,
				3376F41E2CC3F2BA00B8EEC3 /* FirebaseFirestore in Frameworks */,
			);
			runOnlyForDeploymentPostprocessing = 0;
		};
		3376F3F82CC3F13B00B8EEC3 /* Frameworks */ = {
			isa = PBXFrameworksBuildPhase;
			buildActionMask = 2147483647;
			files = (
			);
			runOnlyForDeploymentPostprocessing = 0;
		};
		3376F4022CC3F13B00B8EEC3 /* Frameworks */ = {
			isa = PBXFrameworksBuildPhase;
			buildActionMask = 2147483647;
			files = (
			);
			runOnlyForDeploymentPostprocessing = 0;
		};
/* End PBXFrameworksBuildPhase section */

/* Begin PBXGroup section */
		3376F3E22CC3F13900B8EEC3 = {
			isa = PBXGroup;
			children = (
				3376F3ED2CC3F13900B8EEC3 /* Todo app */,
				3376F3FE2CC3F13B00B8EEC3 /* Todo appTests */,
				3376F4082CC3F13B00B8EEC3 /* Todo appUITests */,
				3376F3EC2CC3F13900B8EEC3 /* Products */,
			);
			sourceTree = "<group>";
		};
		3376F3EC2CC3F13900B8EEC3 /* Products */ = {
			isa = PBXGroup;
			children = (
				3376F3EB2CC3F13900B8EEC3 /* Todo app.app */,
				3376F3FB2CC3F13B00B8EEC3 /* Todo appTests.xctest */,
				3376F4052CC3F13B00B8EEC3 /* Todo appUITests.xctest */,
			);
			name = Products;
			sourceTree = "<group>";
		};
/* End PBXGroup section */

/* Begin PBXNativeTarget section */
		3376F3EA2CC3F13900B8EEC3 /* Todo app */ = {
			isa = PBXNativeTarget;
			buildConfigurationList = 3376F40F2CC3F13B00B8EEC3 /* Build configuration list for PBXNativeTarget "Todo app" */;
			buildPhases = (
				3376F3E72CC3F13900B8EEC3 /* Sources */,
				3376F3E82CC3F13900B8EEC3 /* Frameworks */,
				3376F3E92CC3F13900B8EEC3 /* Resources */,
			);
			buildRules = (
			);
			dependencies = (
			);
			fileSystemSynchronizedGroups = (
				3376F3ED2CC3F13900B8EEC3 /* Todo app */,
			);
			name = "Todo app";
			packageProductDependencies = (
				3376F4192CC3F2BA00B8EEC3 /* FirebaseAuth */,
				3376F41B2CC3F2BA00B8EEC3 /* FirebaseCore */,
				3376F41D2CC3F2BA00B8EEC3 /* FirebaseFirestore */,
			);
			productName = "Todo app";
			productReference = 3376F3EB2CC3F13900B8EEC3 /* Todo app.app */;
			productType = "com.apple.product-type.application";
		};
		3376F3FA2CC3F13B00B8EEC3 /* Todo appTests */ = {
			isa = PBXNativeTarget;
			buildConfigurationList = 3376F4122CC3F13B00B8EEC3 /* Build configuration list for PBXNativeTarget "Todo appTests" */;
			buildPhases = (
				3376F3F72CC3F13B00B8EEC3 /* Sources */,
				3376F3F82CC3F13B00B8EEC3 /* Frameworks */,
				3376F3F92CC3F13B00B8EEC3 /* Resources */,
			);
			buildRules = (
			);
			dependencies = (
				3376F3FD2CC3F13B00B8EEC3 /* PBXTargetDependency */,
			);
			fileSystemSynchronizedGroups = (
				3376F3FE2CC3F13B00B8EEC3 /* Todo appTests */,
			);
			name = "Todo appTests";
			packageProductDependencies = (
			);
			productName = "Todo appTests";
			productReference = 3376F3FB2CC3F13B00B8EEC3 /* Todo appTests.xctest */;
			productType = "com.apple.product-type.bundle.unit-test";
		};
		3376F4042CC3F13B00B8EEC3 /* Todo appUITests */ = {
			isa = PBXNativeTarget;
			buildConfigurationList = 3376F4152CC3F13B00B8EEC3 /* Build configuration list for PBXNativeTarget "Todo appUITests" */;
			buildPhases = (
				3376F4012CC3F13B00B8EEC3 /* Sources */,
				3376F4022CC3F13B00B8EEC3 /* Frameworks */,
				3376F4032CC3F13B00B8EEC3 /* Resources */,
			);
			buildRules = (
			);
			dependencies = (
				3376F4072CC3F13B00B8EEC3 /* PBXTargetDependency */,
			);
			fileSystemSynchronizedGroups = (
				3376F4082CC3F13B00B8EEC3 /* Todo appUITests */,
			);
			name = "Todo appUITests";
			packageProductDependencies = (
			);
			productName = "Todo appUITests";
			productReference = 3376F4052CC3F13B00B8EEC3 /* Todo appUITests.xctest */;
			productType = "com.apple.product-type.bundle.ui-testing";
		};
/* End PBXNativeTarget section */

/* Begin PBXProject section */
		3376F3E32CC3F13900B8EEC3 /* Project object */ = {
			isa = PBXProject;
			attributes = {
				BuildIndependentTargetsInParallel = 1;
				LastSwiftUpdateCheck = 1600;
				LastUpgradeCheck = 1600;
				TargetAttributes = {
					3376F3EA2CC3F13900B8EEC3 = {
						CreatedOnToolsVersion = 16.0;
					};
					3376F3FA2CC3F13B00B8EEC3 = {
						CreatedOnToolsVersion = 16.0;
						TestTargetID = 3376F3EA2CC3F13900B8EEC3;
					};
					3376F4042CC3F13B00B8EEC3 = {
						CreatedOnToolsVersion = 16.0;
						TestTargetID = 3376F3EA2CC3F13900B8EEC3;
					};
				};
			};
			buildConfigurationList = 3376F3E62CC3F13900B8EEC3 /* Build configuration list for PBXProject "Todo app" */;
			developmentRegion = en;
			hasScannedForEncodings = 0;
			knownRegions = (
				en,
				Base,
			);
			mainGroup = 3376F3E22CC3F13900B8EEC3;
			minimizedProjectReferenceProxies = 1;
			packageReferences = (
				3376F4182CC3F2BA00B8EEC3 /* XCRemoteSwiftPackageReference "firebase-ios-sdk" */,
			);
			preferredProjectObjectVersion = 77;
			productRefGroup = 3376F3EC2CC3F13900B8EEC3 /* Products */;
			projectDirPath = "";
			projectRoot = "";
			targets = (
				3376F3EA2CC3F13900B8EEC3 /* Todo app */,
				3376F3FA2CC3F13B00B8EEC3 /* Todo appTests */,
				3376F4042CC3F13B00B8EEC3 /* Todo appUITests */,
			);
		};
/* End PBXProject section */

/* Begin PBXResourcesBuildPhase section */
		3376F3E92CC3F13900B8EEC3 /* Resources */ = {
			isa = PBXResourcesBuildPhase;
			buildActionMask = 2147483647;
			files = (
			);
			runOnlyForDeploymentPostprocessing = 0;
		};
		3376F3F92CC3F13B00B8EEC3 /* Resources */ = {
			isa = PBXResourcesBuildPhase;
			buildActionMask = 2147483647;
			files = (
			);
			runOnlyForDeploymentPostprocessing = 0;
		};
		3376F4032CC3F13B00B8EEC3 /* Resources */ = {
			isa = PBXResourcesBuildPhase;
			buildActionMask = 2147483647;
			files = (
			);
			runOnlyForDeploymentPostprocessing = 0;
		};
/* End PBXResourcesBuildPhase section */

/* Begin PBXSourcesBuildPhase section */
		3376F3E72CC3F13900B8EEC3 /* Sources */ = {
			isa = PBXSourcesBuildPhase;
			buildActionMask = 2147483647;
			files = (
			);
			runOnlyForDeploymentPostprocessing = 0;
		};
		3376F3F72CC3F13B00B8EEC3 /* Sources */ = {
			isa = PBXSourcesBuildPhase;
			buildActionMask = 2147483647;
			files = (
			);
			runOnlyForDeploymentPostprocessing = 0;
		};
		3376F4012CC3F13B00B8EEC3 /* Sources */ = {
			isa = PBXSourcesBuildPhase;
			buildActionMask = 2147483647;
			files = (
			);
			runOnlyForDeploymentPostprocessing = 0;
		};
/* End PBXSourcesBuildPhase section */

/* Begin PBXTargetDependency section */
		3376F3FD2CC3F13B00B8EEC3 /* PBXTargetDependency */ = {
			isa = PBXTargetDependency;
			target = 3376F3EA2CC3F13900B8EEC3 /* Todo app */;
			targetProxy = 3376F3FC2CC3F13B00B8EEC3 /* PBXContainerItemProxy */;
		};
		3376F4072CC3F13B00B8EEC3 /* PBXTargetDependency */ = {
			isa = PBXTargetDependency;
			target = 3376F3EA2CC3F13900B8EEC3 /* Todo app */;
			targetProxy = 3376F4062CC3F13B00B8EEC3 /* PBXContainerItemProxy */;
		};
/* End PBXTargetDependency section */

/* Begin XCBuildConfiguration section */
		3376F40D2CC3F13B00B8EEC3 /* Debug */ = {
			isa = XCBuildConfiguration;
			buildSettings = {
				ALWAYS_SEARCH_USER_PATHS = NO;
				ASSETCATALOG_COMPILER_GENERATE_SWIFT_ASSET_SYMBOL_EXTENSIONS = YES;
				CLANG_ANALYZER_NONNULL = YES;
				CLANG_ANALYZER_NUMBER_OBJECT_CONVERSION = YES_AGGRESSIVE;
				CLANG_CXX_LANGUAGE_STANDARD = "gnu++20";
				CLANG_ENABLE_MODULES = YES;
				CLANG_ENABLE_OBJC_ARC = YES;
				CLANG_ENABLE_OBJC_WEAK = YES;
				CLANG_WARN_BLOCK_CAPTURE_AUTORELEASING = YES;
				CLANG_WARN_BOOL_CONVERSION = YES;
				CLANG_WARN_COMMA = YES;
				CLANG_WARN_CONSTANT_CONVERSION = YES;
				CLANG_WARN_DEPRECATED_OBJC_IMPLEMENTATIONS = YES;
				CLANG_WARN_DIRECT_OBJC_ISA_USAGE = YES_ERROR;
				CLANG_WARN_DOCUMENTATION_COMMENTS = YES;
				CLANG_WARN_EMPTY_BODY = YES;
				CLANG_WARN_ENUM_CONVERSION = YES;
				CLANG_WARN_INFINITE_RECURSION = YES;
				CLANG_WARN_INT_CONVERSION = YES;
				CLANG_WARN_NON_LITERAL_NULL_CONVERSION = YES;
				CLANG_WARN_OBJC_IMPLICIT_RETAIN_SELF = YES;
				CLANG_WARN_OBJC_LITERAL_CONVERSION = YES;
				CLANG_WARN_OBJC_ROOT_CLASS = YES_ERROR;
				CLANG_WARN_QUOTED_INCLUDE_IN_FRAMEWORK_HEADER = YES;
				CLANG_WARN_RANGE_LOOP_ANALYSIS = YES;
				CLANG_WARN_STRICT_PROTOTYPES = YES;
				CLANG_WARN_SUSPICIOUS_MOVE = YES;
				CLANG_WARN_UNGUARDED_AVAILABILITY = YES_AGGRESSIVE;
				CLANG_WARN_UNREACHABLE_CODE = YES;
				CLANG_WARN__DUPLICATE_METHOD_MATCH = YES;
				COPY_PHASE_STRIP = NO;
				DEBUG_INFORMATION_FORMAT = dwarf;
				ENABLE_STRICT_OBJC_MSGSEND = YES;
				ENABLE_TESTABILITY = YES;
				ENABLE_USER_SCRIPT_SANDBOXING = YES;
				GCC_C_LANGUAGE_STANDARD = gnu17;
				GCC_DYNAMIC_NO_PIC = NO;
				GCC_NO_COMMON_BLOCKS = YES;
				GCC_OPTIMIZATION_LEVEL = 0;
				GCC_PREPROCESSOR_DEFINITIONS = (
					"DEBUG=1",
					"$(inherited)",
				);
				GCC_WARN_64_TO_32_BIT_CONVERSION = YES;
				GCC_WARN_ABOUT_RETURN_TYPE = YES_ERROR;
				GCC_WARN_UNDECLARED_SELECTOR = YES;
				GCC_WARN_UNINITIALIZED_AUTOS = YES_AGGRESSIVE;
				GCC_WARN_UNUSED_FUNCTION = YES;
				GCC_WARN_UNUSED_VARIABLE = YES;
				IPHONEOS_DEPLOYMENT_TARGET = 18.0;
				LOCALIZATION_PREFERS_STRING_CATALOGS = YES;
				MTL_ENABLE_DEBUG_INFO = INCLUDE_SOURCE;
				MTL_FAST_MATH = YES;
				ONLY_ACTIVE_ARCH = YES;
				SDKROOT = iphoneos;
				SWIFT_ACTIVE_COMPILATION_CONDITIONS = "DEBUG $(inherited)";
				SWIFT_OPTIMIZATION_LEVEL = "-Onone";
			};
			name = Debug;
		};
		3376F40E2CC3F13B00B8EEC3 /* Release */ = {
			isa = XCBuildConfiguration;
			buildSettings = {
				ALWAYS_SEARCH_USER_PATHS = NO;
				ASSETCATALOG_COMPILER_GENERATE_SWIFT_ASSET_SYMBOL_EXTENSIONS = YES;
				CLANG_ANALYZER_NONNULL = YES;
				CLANG_ANALYZER_NUMBER_OBJECT_CONVERSION = YES_AGGRESSIVE;
				CLANG_CXX_LANGUAGE_STANDARD = "gnu++20";
				CLANG_ENABLE_MODULES = YES;
				CLANG_ENABLE_OBJC_ARC = YES;
				CLANG_ENABLE_OBJC_WEAK = YES;
				CLANG_WARN_BLOCK_CAPTURE_AUTORELEASING = YES;
				CLANG_WARN_BOOL_CONVERSION = YES;
				CLANG_WARN_COMMA = YES;
				CLANG_WARN_CONSTANT_CONVERSION = YES;
				CLANG_WARN_DEPRECATED_OBJC_IMPLEMENTATIONS = YES;
				CLANG_WARN_DIRECT_OBJC_ISA_USAGE = YES_ERROR;
				CLANG_WARN_DOCUMENTATION_COMMENTS = YES;
				CLANG_WARN_EMPTY_BODY = YES;
				CLANG_WARN_ENUM_CONVERSION = YES;
				CLANG_WARN_INFINITE_RECURSION = YES;
				CLANG_WARN_INT_CONVERSION = YES;
				CLANG_WARN_NON_LITERAL_NULL_CONVERSION = YES;
				CLANG_WARN_OBJC_IMPLICIT_RETAIN_SELF = YES;
				CLANG_WARN_OBJC_LITERAL_CONVERSION = YES;
				CLANG_WARN_OBJC_ROOT_CLASS = YES_ERROR;
				CLANG_WARN_QUOTED_INCLUDE_IN_FRAMEWORK_HEADER = YES;
				CLANG_WARN_RANGE_LOOP_ANALYSIS = YES;
				CLANG_WARN_STRICT_PROTOTYPES = YES;
				CLANG_WARN_SUSPICIOUS_MOVE = YES;
				CLANG_WARN_UNGUARDED_AVAILABILITY = YES_AGGRESSIVE;
				CLANG_WARN_UNREACHABLE_CODE = YES;
				CLANG_WARN__DUPLICATE_METHOD_MATCH = YES;
				COPY_PHASE_STRIP = NO;
				DEBUG_INFORMATION_FORMAT = "dwarf-with-dsym";
				ENABLE_NS_ASSERTIONS = NO;
				ENABLE_STRICT_OBJC_MSGSEND = YES;
				ENABLE_USER_SCRIPT_SANDBOXING = YES;
				GCC_C_LANGUAGE_STANDARD = gnu17;
				GCC_NO_COMMON_BLOCKS = YES;
				GCC_WARN_64_TO_32_BIT_CONVERSION = YES;
				GCC_WARN_ABOUT_RETURN_TYPE = YES_ERROR;
				GCC_WARN_UNDECLARED_SELECTOR = YES;
				GCC_WARN_UNINITIALIZED_AUTOS = YES_AGGRESSIVE;
				GCC_WARN_UNUSED_FUNCTION = YES;
				GCC_WARN_UNUSED_VARIABLE = YES;
				IPHONEOS_DEPLOYMENT_TARGET = 18.0;
				LOCALIZATION_PREFERS_STRING_CATALOGS = YES;
				MTL_ENABLE_DEBUG_INFO = NO;
				MTL_FAST_MATH = YES;
				SDKROOT = iphoneos;
				SWIFT_COMPILATION_MODE = wholemodule;
				VALIDATE_PRODUCT = YES;
			};
			name = Release;
		};
		3376F4102CC3F13B00B8EEC3 /* Debug */ = {
			isa = XCBuildConfiguration;
			buildSettings = {
				ASSETCATALOG_COMPILER_APPICON_NAME = AppIcon;
				ASSETCATALOG_COMPILER_GLOBAL_ACCENT_COLOR_NAME = AccentColor;
				CODE_SIGN_STYLE = Automatic;
				CURRENT_PROJECT_VERSION = 1;
				DEVELOPMENT_ASSET_PATHS = "\"Todo app/Preview Content\"";
				DEVELOPMENT_TEAM = QP7QNZZ9AT;
				ENABLE_PREVIEWS = YES;
				GENERATE_INFOPLIST_FILE = YES;
				INFOPLIST_KEY_UIApplicationSceneManifest_Generation = YES;
				INFOPLIST_KEY_UIApplicationSupportsIndirectInputEvents = YES;
				INFOPLIST_KEY_UILaunchScreen_Generation = YES;
				INFOPLIST_KEY_UISupportedInterfaceOrientations = UIInterfaceOrientationPortrait;
				LD_RUNPATH_SEARCH_PATHS = (
					"$(inherited)",
					"@executable_path/Frameworks",
				);
				MARKETING_VERSION = 1.0;
				PRODUCT_BUNDLE_IDENTIFIER = "kacper.Todo-app";
				PRODUCT_NAME = "$(TARGET_NAME)";
				SWIFT_EMIT_LOC_STRINGS = YES;
				SWIFT_VERSION = 5.0;
				TARGETED_DEVICE_FAMILY = "1,2";
			};
			name = Debug;
		};
		3376F4112CC3F13B00B8EEC3 /* Release */ = {
			isa = XCBuildConfiguration;
			buildSettings = {
				ASSETCATALOG_COMPILER_APPICON_NAME = AppIcon;
				ASSETCATALOG_COMPILER_GLOBAL_ACCENT_COLOR_NAME = AccentColor;
				CODE_SIGN_STYLE = Automatic;
				CURRENT_PROJECT_VERSION = 1;
				DEVELOPMENT_ASSET_PATHS = "\"Todo app/Preview Content\"";
				DEVELOPMENT_TEAM = QP7QNZZ9AT;
				ENABLE_PREVIEWS = YES;
				GENERATE_INFOPLIST_FILE = YES;
				INFOPLIST_KEY_UIApplicationSceneManifest_Generation = YES;
				INFOPLIST_KEY_UIApplicationSupportsIndirectInputEvents = YES;
				INFOPLIST_KEY_UILaunchScreen_Generation = YES;
				INFOPLIST_KEY_UISupportedInterfaceOrientations = UIInterfaceOrientationPortrait;
				LD_RUNPATH_SEARCH_PATHS = (
					"$(inherited)",
					"@executable_path/Frameworks",
				);
				MARKETING_VERSION = 1.0;
				PRODUCT_BUNDLE_IDENTIFIER = "kacper.Todo-app";
				PRODUCT_NAME = "$(TARGET_NAME)";
				SWIFT_EMIT_LOC_STRINGS = YES;
				SWIFT_VERSION = 5.0;
				TARGETED_DEVICE_FAMILY = "1,2";
			};
			name = Release;
		};
		3376F4132CC3F13B00B8EEC3 /* Debug */ = {
			isa = XCBuildConfiguration;
			buildSettings = {
				BUNDLE_LOADER = "$(TEST_HOST)";
				CODE_SIGN_STYLE = Automatic;
				CURRENT_PROJECT_VERSION = 1;
				DEVELOPMENT_TEAM = QP7QNZZ9AT;
				GENERATE_INFOPLIST_FILE = YES;
				IPHONEOS_DEPLOYMENT_TARGET = 18.0;
				MARKETING_VERSION = 1.0;
				PRODUCT_BUNDLE_IDENTIFIER = "kacper.Todo-appTests";
				PRODUCT_NAME = "$(TARGET_NAME)";
				SWIFT_EMIT_LOC_STRINGS = NO;
				SWIFT_VERSION = 5.0;
				TARGETED_DEVICE_FAMILY = "1,2";
				TEST_HOST = "$(BUILT_PRODUCTS_DIR)/Todo app.app/$(BUNDLE_EXECUTABLE_FOLDER_PATH)/Todo app";
			};
			name = Debug;
		};
		3376F4142CC3F13B00B8EEC3 /* Release */ = {
			isa = XCBuildConfiguration;
			buildSettings = {
				BUNDLE_LOADER = "$(TEST_HOST)";
				CODE_SIGN_STYLE = Automatic;
				CURRENT_PROJECT_VERSION = 1;
				DEVELOPMENT_TEAM = QP7QNZZ9AT;
				GENERATE_INFOPLIST_FILE = YES;
				IPHONEOS_DEPLOYMENT_TARGET = 18.0;
				MARKETING_VERSION = 1.0;
				PRODUCT_BUNDLE_IDENTIFIER = "kacper.Todo-appTests";
				PRODUCT_NAME = "$(TARGET_NAME)";
				SWIFT_EMIT_LOC_STRINGS = NO;
				SWIFT_VERSION = 5.0;
				TARGETED_DEVICE_FAMILY = "1,2";
				TEST_HOST = "$(BUILT_PRODUCTS_DIR)/Todo app.app/$(BUNDLE_EXECUTABLE_FOLDER_PATH)/Todo app";
			};
			name = Release;
		};
		3376F4162CC3F13B00B8EEC3 /* Debug */ = {
			isa = XCBuildConfiguration;
			buildSettings = {
				CODE_SIGN_STYLE = Automatic;
				CURRENT_PROJECT_VERSION = 1;
				DEVELOPMENT_TEAM = QP7QNZZ9AT;
				GENERATE_INFOPLIST_FILE = YES;
				MARKETING_VERSION = 1.0;
				PRODUCT_BUNDLE_IDENTIFIER = "kacper.Todo-appUITests";
				PRODUCT_NAME = "$(TARGET_NAME)";
				SWIFT_EMIT_LOC_STRINGS = NO;
				SWIFT_VERSION = 5.0;
				TARGETED_DEVICE_FAMILY = "1,2";
				TEST_TARGET_NAME = "Todo app";
			};
			name = Debug;
		};
		3376F4172CC3F13B00B8EEC3 /* Release */ = {
			isa = XCBuildConfiguration;
			buildSettings = {
				CODE_SIGN_STYLE = Automatic;
				CURRENT_PROJECT_VERSION = 1;
				DEVELOPMENT_TEAM = QP7QNZZ9AT;
				GENERATE_INFOPLIST_FILE = YES;
				MARKETING_VERSION = 1.0;
				PRODUCT_BUNDLE_IDENTIFIER = "kacper.Todo-appUITests";
				PRODUCT_NAME = "$(TARGET_NAME)";
				SWIFT_EMIT_LOC_STRINGS = NO;
				SWIFT_VERSION = 5.0;
				TARGETED_DEVICE_FAMILY = "1,2";
				TEST_TARGET_NAME = "Todo app";
			};
			name = Release;
		};
/* End XCBuildConfiguration section */

/* Begin XCConfigurationList section */
		3376F3E62CC3F13900B8EEC3 /* Build configuration list for PBXProject "Todo app" */ = {
			isa = XCConfigurationList;
			buildConfigurations = (
				3376F40D2CC3F13B00B8EEC3 /* Debug */,
				3376F40E2CC3F13B00B8EEC3 /* Release */,
			);
			defaultConfigurationIsVisible = 0;
			defaultConfigurationName = Release;
		};
		3376F40F2CC3F13B00B8EEC3 /* Build configuration list for PBXNativeTarget "Todo app" */ = {
			isa = XCConfigurationList;
			buildConfigurations = (
				3376F4102CC3F13B00B8EEC3 /* Debug */,
				3376F4112CC3F13B00B8EEC3 /* Release */,
			);
			defaultConfigurationIsVisible = 0;
			defaultConfigurationName = Release;
		};
		3376F4122CC3F13B00B8EEC3 /* Build configuration list for PBXNativeTarget "Todo appTests" */ = {
			isa = XCConfigurationList;
			buildConfigurations = (
				3376F4132CC3F13B00B8EEC3 /* Debug */,
				3376F4142CC3F13B00B8EEC3 /* Release */,
			);
			defaultConfigurationIsVisible = 0;
			defaultConfigurationName = Release;
		};
		3376F4152CC3F13B00B8EEC3 /* Build configuration list for PBXNativeTarget "Todo appUITests" */ = {
			isa = XCConfigurationList;
			buildConfigurations = (
				3376F4162CC3F13B00B8EEC3 /* Debug */,
				3376F4172CC3F13B00B8EEC3 /* Release */,
			);
			defaultConfigurationIsVisible = 0;
			defaultConfigurationName = Release;
		};
/* End XCConfigurationList section */

/* Begin XCRemoteSwiftPackageReference section */
		3376F4182CC3F2BA00B8EEC3 /* XCRemoteSwiftPackageReference "firebase-ios-sdk" */ = {
			isa = XCRemoteSwiftPackageReference;
			repositoryURL = "https://github.com/firebase/firebase-ios-sdk";
			requirement = {
				kind = upToNextMajorVersion;
				minimumVersion = 11.3.0;
			};
		};
/* End XCRemoteSwiftPackageReference section */

/* Begin XCSwiftPackageProductDependency section */
		3376F4192CC3F2BA00B8EEC3 /* FirebaseAuth */ = {
			isa = XCSwiftPackageProductDependency;
			package = 3376F4182CC3F2BA00B8EEC3 /* XCRemoteSwiftPackageReference "firebase-ios-sdk" */;
			productName = FirebaseAuth;
		};
		3376F41B2CC3F2BA00B8EEC3 /* FirebaseCore */ = {
			isa = XCSwiftPackageProductDependency;
			package = 3376F4182CC3F2BA00B8EEC3 /* XCRemoteSwiftPackageReference "firebase-ios-sdk" */;
			productName = FirebaseCore;
		};
		3376F41D2CC3F2BA00B8EEC3 /* FirebaseFirestore */ = {
			isa = XCSwiftPackageProductDependency;
			package = 3376F4182CC3F2BA00B8EEC3 /* XCRemoteSwiftPackageReference "firebase-ios-sdk" */;
			productName = FirebaseFirestore;
		};
/* End XCSwiftPackageProductDependency section */
	};
	rootObject = 3376F3E32CC3F13900B8EEC3 /* Project object */;
}
